// !$*UTF8*$!
{
	archiveVersion = 1;
	classes = {
	};
	objectVersion = 46;
	objects = {

/* Begin PBXBuildFile section */
		A7AE6E8E1B3D341D00B389B4 /* AppDelegate.swift in Sources */ = {isa = PBXBuildFile; fileRef = A7AE6E8D1B3D341D00B389B4 /* AppDelegate.swift */; };
		A7AE6E901B3D341D00B389B4 /* ViewController.swift in Sources */ = {isa = PBXBuildFile; fileRef = A7AE6E8F1B3D341D00B389B4 /* ViewController.swift */; };
		A7AE6E931B3D341D00B389B4 /* Main.storyboard in Resources */ = {isa = PBXBuildFile; fileRef = A7AE6E911B3D341D00B389B4 /* Main.storyboard */; };
		A7AE6E951B3D341D00B389B4 /* Assets.xcassets in Resources */ = {isa = PBXBuildFile; fileRef = A7AE6E941B3D341D00B389B4 /* Assets.xcassets */; };
		A7AE6E981B3D341D00B389B4 /* LaunchScreen.storyboard in Resources */ = {isa = PBXBuildFile; fileRef = A7AE6E961B3D341D00B389B4 /* LaunchScreen.storyboard */; };
		A7AE6EA31B3D341E00B389B4 /* HitTestDemoTests.swift in Sources */ = {isa = PBXBuildFile; fileRef = A7AE6EA21B3D341E00B389B4 /* HitTestDemoTests.swift */; };
		A7AE6EAE1B3D341E00B389B4 /* HitTestDemoUITests.swift in Sources */ = {isa = PBXBuildFile; fileRef = A7AE6EAD1B3D341E00B389B4 /* HitTestDemoUITests.swift */; };
/* End PBXBuildFile section */

/* Begin PBXContainerItemProxy section */
		A7AE6E9F1B3D341E00B389B4 /* PBXContainerItemProxy */ = {
			isa = PBXContainerItemProxy;
			containerPortal = A7AE6E821B3D341D00B389B4 /* Project object */;
			proxyType = 1;
			remoteGlobalIDString = A7AE6E891B3D341D00B389B4;
			remoteInfo = HitTestDemo;
		};
		A7AE6EAA1B3D341E00B389B4 /* PBXContainerItemProxy */ = {
			isa = PBXContainerItemProxy;
			containerPortal = A7AE6E821B3D341D00B389B4 /* Project object */;
			proxyType = 1;
			remoteGlobalIDString = A7AE6E891B3D341D00B389B4;
			remoteInfo = HitTestDemo;
		};
/* End PBXContainerItemProxy section */

/* Begin PBXFileReference section */
		A7AE6E8A1B3D341D00B389B4 /* HitTestDemo.app */ = {isa = PBXFileReference; explicitFileType = wrapper.application; includeInIndex = 0; path = HitTestDemo.app; sourceTree = BUILT_PRODUCTS_DIR; };
		A7AE6E8D1B3D341D00B389B4 /* AppDelegate.swift */ = {isa = PBXFileReference; lastKnownFileType = sourcecode.swift; path = AppDelegate.swift; sourceTree = "<group>"; };
		A7AE6E8F1B3D341D00B389B4 /* ViewController.swift */ = {isa = PBXFileReference; lastKnownFileType = sourcecode.swift; path = ViewController.swift; sourceTree = "<group>"; };
		A7AE6E921B3D341D00B389B4 /* Base */ = {isa = PBXFileReference; lastKnownFileType = file.storyboard; name = Base; path = Base.lproj/Main.storyboard; sourceTree = "<group>"; };
		A7AE6E941B3D341D00B389B4 /* Assets.xcassets */ = {isa = PBXFileReference; lastKnownFileType = folder.assetcatalog; path = Assets.xcassets; sourceTree = "<group>"; };
		A7AE6E971B3D341D00B389B4 /* Base */ = {isa = PBXFileReference; lastKnownFileType = file.storyboard; name = Base; path = Base.lproj/LaunchScreen.storyboard; sourceTree = "<group>"; };
		A7AE6E991B3D341D00B389B4 /* Info.plist */ = {isa = PBXFileReference; lastKnownFileType = text.plist.xml; path = Info.plist; sourceTree = "<group>"; };
		A7AE6E9E1B3D341E00B389B4 /* HitTestDemoTests.xctest */ = {isa = PBXFileReference; explicitFileType = wrapper.cfbundle; includeInIndex = 0; path = HitTestDemoTests.xctest; sourceTree = BUILT_PRODUCTS_DIR; };
		A7AE6EA21B3D341E00B389B4 /* HitTestDemoTests.swift */ = {isa = PBXFileReference; lastKnownFileType = sourcecode.swift; path = HitTestDemoTests.swift; sourceTree = "<group>"; };
		A7AE6EA41B3D341E00B389B4 /* Info.plist */ = {isa = PBXFileReference; lastKnownFileType = text.plist.xml; path = Info.plist; sourceTree = "<group>"; };
		A7AE6EA91B3D341E00B389B4 /* HitTestDemoUITests.xctest */ = {isa = PBXFileReference; explicitFileType = wrapper.cfbundle; includeInIndex = 0; path = HitTestDemoUITests.xctest; sourceTree = BUILT_PRODUCTS_DIR; };
		A7AE6EAD1B3D341E00B389B4 /* HitTestDemoUITests.swift */ = {isa = PBXFileReference; lastKnownFileType = sourcecode.swift; path = HitTestDemoUITests.swift; sourceTree = "<group>"; };
		A7AE6EAF1B3D341E00B389B4 /* Info.plist */ = {isa = PBXFileReference; lastKnownFileType = text.plist.xml; path = Info.plist; sourceTree = "<group>"; };
/* End PBXFileReference section */

/* Begin PBXFrameworksBuildPhase section */
		A7AE6E871B3D341D00B389B4 /* Frameworks */ = {
			isa = PBXFrameworksBuildPhase;
			buildActionMask = 2147483647;
			files = (
			);
			runOnlyForDeploymentPostprocessing = 0;
		};
		A7AE6E9B1B3D341E00B389B4 /* Frameworks */ = {
			isa = PBXFrameworksBuildPhase;
			buildActionMask = 2147483647;
			files = (
			);
			runOnlyForDeploymentPostprocessing = 0;
		};
		A7AE6EA61B3D341E00B389B4 /* Frameworks */ = {
			isa = PBXFrameworksBuildPhase;
			buildActionMask = 2147483647;
			files = (
			);
			runOnlyForDeploymentPostprocessing = 0;
		};
/* End PBXFrameworksBuildPhase section */

/* Begin PBXGroup section */
		A7AE6E811B3D341D00B389B4 = {
			isa = PBXGroup;
			children = (
				A7AE6E8C1B3D341D00B389B4 /* HitTestDemo */,
				A7AE6EA11B3D341E00B389B4 /* HitTestDemoTests */,
				A7AE6EAC1B3D341E00B389B4 /* HitTestDemoUITests */,
				A7AE6E8B1B3D341D00B389B4 /* Products */,
			);
			sourceTree = "<group>";
		};
		A7AE6E8B1B3D341D00B389B4 /* Products */ = {
			isa = PBXGroup;
			children = (
				A7AE6E8A1B3D341D00B389B4 /* HitTestDemo.app */,
				A7AE6E9E1B3D341E00B389B4 /* HitTestDemoTests.xctest */,
				A7AE6EA91B3D341E00B389B4 /* HitTestDemoUITests.xctest */,
			);
			name = Products;
			sourceTree = "<group>";
		};
		A7AE6E8C1B3D341D00B389B4 /* HitTestDemo */ = {
			isa = PBXGroup;
			children = (
				A7AE6E8D1B3D341D00B389B4 /* AppDelegate.swift */,
				A7AE6E8F1B3D341D00B389B4 /* ViewController.swift */,
				A7AE6E911B3D341D00B389B4 /* Main.storyboard */,
				A7AE6E941B3D341D00B389B4 /* Assets.xcassets */,
				A7AE6E961B3D341D00B389B4 /* LaunchScreen.storyboard */,
				A7AE6E991B3D341D00B389B4 /* Info.plist */,
			);
			path = HitTestDemo;
			sourceTree = "<group>";
		};
		A7AE6EA11B3D341E00B389B4 /* HitTestDemoTests */ = {
			isa = PBXGroup;
			children = (
				A7AE6EA21B3D341E00B389B4 /* HitTestDemoTests.swift */,
				A7AE6EA41B3D341E00B389B4 /* Info.plist */,
			);
			path = HitTestDemoTests;
			sourceTree = "<group>";
		};
		A7AE6EAC1B3D341E00B389B4 /* HitTestDemoUITests */ = {
			isa = PBXGroup;
			children = (
				A7AE6EAD1B3D341E00B389B4 /* HitTestDemoUITests.swift */,
				A7AE6EAF1B3D341E00B389B4 /* Info.plist */,
			);
			path = HitTestDemoUITests;
			sourceTree = "<group>";
		};
/* End PBXGroup section */

/* Begin PBXNativeTarget section */
		A7AE6E891B3D341D00B389B4 /* HitTestDemo */ = {
			isa = PBXNativeTarget;
			buildConfigurationList = A7AE6EB21B3D341E00B389B4 /* Build configuration list for PBXNativeTarget "HitTestDemo" */;
			buildPhases = (
				A7AE6E861B3D341D00B389B4 /* Sources */,
				A7AE6E871B3D341D00B389B4 /* Frameworks */,
				A7AE6E881B3D341D00B389B4 /* Resources */,
			);
			buildRules = (
			);
			dependencies = (
			);
			name = HitTestDemo;
			productName = HitTestDemo;
			productReference = A7AE6E8A1B3D341D00B389B4 /* HitTestDemo.app */;
			productType = "com.apple.product-type.application";
		};
		A7AE6E9D1B3D341E00B389B4 /* HitTestDemoTests */ = {
			isa = PBXNativeTarget;
			buildConfigurationList = A7AE6EB51B3D341E00B389B4 /* Build configuration list for PBXNativeTarget "HitTestDemoTests" */;
			buildPhases = (
				A7AE6E9A1B3D341E00B389B4 /* Sources */,
				A7AE6E9B1B3D341E00B389B4 /* Frameworks */,
				A7AE6E9C1B3D341E00B389B4 /* Resources */,
			);
			buildRules = (
			);
			dependencies = (
				A7AE6EA01B3D341E00B389B4 /* PBXTargetDependency */,
			);
			name = HitTestDemoTests;
			productName = HitTestDemoTests;
			productReference = A7AE6E9E1B3D341E00B389B4 /* HitTestDemoTests.xctest */;
			productType = "com.apple.product-type.bundle.unit-test";
		};
		A7AE6EA81B3D341E00B389B4 /* HitTestDemoUITests */ = {
			isa = PBXNativeTarget;
			buildConfigurationList = A7AE6EB81B3D341E00B389B4 /* Build configuration list for PBXNativeTarget "HitTestDemoUITests" */;
			buildPhases = (
				A7AE6EA51B3D341E00B389B4 /* Sources */,
				A7AE6EA61B3D341E00B389B4 /* Frameworks */,
				A7AE6EA71B3D341E00B389B4 /* Resources */,
			);
			buildRules = (
			);
			dependencies = (
				A7AE6EAB1B3D341E00B389B4 /* PBXTargetDependency */,
			);
			name = HitTestDemoUITests;
			productName = HitTestDemoUITests;
			productReference = A7AE6EA91B3D341E00B389B4 /* HitTestDemoUITests.xctest */;
			productType = "com.apple.product-type.bundle.ui-testing";
		};
/* End PBXNativeTarget section */

/* Begin PBXProject section */
		A7AE6E821B3D341D00B389B4 /* Project object */ = {
			isa = PBXProject;
			attributes = {
				LastUpgradeCheck = 0700;
				ORGANIZATIONNAME = Tommy;
				TargetAttributes = {
					A7AE6E891B3D341D00B389B4 = {
						CreatedOnToolsVersion = 7.0;
					};
					A7AE6E9D1B3D341E00B389B4 = {
						CreatedOnToolsVersion = 7.0;
						TestTargetID = A7AE6E891B3D341D00B389B4;
					};
					A7AE6EA81B3D341E00B389B4 = {
						CreatedOnToolsVersion = 7.0;
						TestTargetID = A7AE6E891B3D341D00B389B4;
					};
				};
			};
			buildConfigurationList = A7AE6E851B3D341D00B389B4 /* Build configuration list for PBXProject "HitTestDemo" */;
			compatibilityVersion = "Xcode 3.2";
			developmentRegion = English;
			hasScannedForEncodings = 0;
			knownRegions = (
				en,
				Base,
			);
			mainGroup = A7AE6E811B3D341D00B389B4;
			productRefGroup = A7AE6E8B1B3D341D00B389B4 /* Products */;
			projectDirPath = "";
			projectRoot = "";
			targets = (
				A7AE6E891B3D341D00B389B4 /* HitTestDemo */,
				A7AE6E9D1B3D341E00B389B4 /* HitTestDemoTests */,
				A7AE6EA81B3D341E00B389B4 /* HitTestDemoUITests */,
			);
		};
/* End PBXProject section */

/* Begin PBXResourcesBuildPhase section */
		A7AE6E881B3D341D00B389B4 /* Resources */ = {
			isa = PBXResourcesBuildPhase;
			buildActionMask = 2147483647;
			files = (
				A7AE6E981B3D341D00B389B4 /* LaunchScreen.storyboard in Resources */,
				A7AE6E951B3D341D00B389B4 /* Assets.xcassets in Resources */,
				A7AE6E931B3D341D00B389B4 /* Main.storyboard in Resources */,
			);
			runOnlyForDeploymentPostprocessing = 0;
		};
		A7AE6E9C1B3D341E00B389B4 /* Resources */ = {
			isa = PBXResourcesBuildPhase;
			buildActionMask = 2147483647;
			files = (
			);
			runOnlyForDeploymentPostprocessing = 0;
		};
		A7AE6EA71B3D341E00B389B4 /* Resources */ = {
			isa = PBXResourcesBuildPhase;
			buildActionMask = 2147483647;
			files = (
			);
			runOnlyForDeploymentPostprocessing = 0;
		};
/* End PBXResourcesBuildPhase section */

/* Begin PBXSourcesBuildPhase section */
		A7AE6E861B3D341D00B389B4 /* Sources */ = {
			isa = PBXSourcesBuildPhase;
			buildActionMask = 2147483647;
			files = (
				A7AE6E901B3D341D00B389B4 /* ViewController.swift in Sources */,
				A7AE6E8E1B3D341D00B389B4 /* AppDelegate.swift in Sources */,
			);
			runOnlyForDeploymentPostprocessing = 0;
		};
		A7AE6E9A1B3D341E00B389B4 /* Sources */ = {
			isa = PBXSourcesBuildPhase;
			buildActionMask = 2147483647;
			files = (
				A7AE6EA31B3D341E00B389B4 /* HitTestDemoTests.swift in Sources */,
			);
			runOnlyForDeploymentPostprocessing = 0;
		};
		A7AE6EA51B3D341E00B389B4 /* Sources */ = {
			isa = PBXSourcesBuildPhase;
			buildActionMask = 2147483647;
			files = (
				A7AE6EAE1B3D341E00B389B4 /* HitTestDemoUITests.swift in Sources */,
			);
			runOnlyForDeploymentPostprocessing = 0;
		};
/* End PBXSourcesBuildPhase section */

/* Begin PBXTargetDependency section */
		A7AE6EA01B3D341E00B389B4 /* PBXTargetDependency */ = {
			isa = PBXTargetDependency;
			target = A7AE6E891B3D341D00B389B4 /* HitTestDemo */;
			targetProxy = A7AE6E9F1B3D341E00B389B4 /* PBXContainerItemProxy */;
		};
		A7AE6EAB1B3D341E00B389B4 /* PBXTargetDependency */ = {
			isa = PBXTargetDependency;
			target = A7AE6E891B3D341D00B389B4 /* HitTestDemo */;
			targetProxy = A7AE6EAA1B3D341E00B389B4 /* PBXContainerItemProxy */;
		};
/* End PBXTargetDependency section */

/* Begin PBXVariantGroup section */
		A7AE6E911B3D341D00B389B4 /* Main.storyboard */ = {
			isa = PBXVariantGroup;
			children = (
				A7AE6E921B3D341D00B389B4 /* Base */,
			);
			name = Main.storyboard;
			sourceTree = "<group>";
		};
		A7AE6E961B3D341D00B389B4 /* LaunchScreen.storyboard */ = {
			isa = PBXVariantGroup;
			children = (
				A7AE6E971B3D341D00B389B4 /* Base */,
			);
			name = LaunchScreen.storyboard;
			sourceTree = "<group>";
		};
/* End PBXVariantGroup section */

/* Begin XCBuildConfiguration section */
		A7AE6EB01B3D341E00B389B4 /* Debug */ = {
			isa = XCBuildConfiguration;
			buildSettings = {
				ALWAYS_SEARCH_USER_PATHS = NO;
				CLANG_CXX_LANGUAGE_STANDARD = "gnu++0x";
				CLANG_CXX_LIBRARY = "libc++";
				CLANG_ENABLE_MODULES = YES;
				CLANG_ENABLE_OBJC_ARC = YES;
				CLANG_WARN_BOOL_CONVERSION = YES;
				CLANG_WARN_CONSTANT_CONVERSION = YES;
				CLANG_WARN_DIRECT_OBJC_ISA_USAGE = YES_ERROR;
				CLANG_WARN_EMPTY_BODY = YES;
				CLANG_WARN_ENUM_CONVERSION = YES;
				CLANG_WARN_INT_CONVERSION = YES;
				CLANG_WARN_OBJC_ROOT_CLASS = YES_ERROR;
				CLANG_WARN_UNREACHABLE_CODE = YES;
				CLANG_WARN__DUPLICATE_METHOD_MATCH = YES;
				"CODE_SIGN_IDENTITY[sdk=iphoneos*]" = "iPhone Developer";
				COPY_PHASE_STRIP = NO;
				DEBUG_INFORMATION_FORMAT = dwarf;
				ENABLE_STRICT_OBJC_MSGSEND = YES;
				ENABLE_TESTABILITY = YES;
				GCC_C_LANGUAGE_STANDARD = gnu99;
				GCC_DYNAMIC_NO_PIC = NO;
				GCC_NO_COMMON_BLOCKS = YES;
				GCC_OPTIMIZATION_LEVEL = 0;
				GCC_PREPROCESSOR_DEFINITIONS = (
					"DEBUG=1",
					"$(inherited)",
				);
				GCC_WARN_64_TO_32_BIT_CONVERSION = YES;
				GCC_WARN_ABOUT_RETURN_TYPE = YES_ERROR;
				GCC_WARN_UNDECLARED_SELECTOR = YES;
				GCC_WARN_UNINITIALIZED_AUTOS = YES_AGGRESSIVE;
				GCC_WARN_UNUSED_FUNCTION = YES;
				GCC_WARN_UNUSED_VARIABLE = YES;
				IPHONEOS_DEPLOYMENT_TARGET = 9.0;
				MTL_ENABLE_DEBUG_INFO = YES;
				ONLY_ACTIVE_ARCH = YES;
				SDKROOT = iphoneos;
				SWIFT_OPTIMIZATION_LEVEL = "-Onone";
			};
			name = Debug;
		};
		A7AE6EB11B3D341E00B389B4 /* Release */ = {
			isa = XCBuildConfiguration;
			buildSettings = {
				ALWAYS_SEARCH_USER_PATHS = NO;
				CLANG_CXX_LANGUAGE_STANDARD = "gnu++0x";
				CLANG_CXX_LIBRARY = "libc++";
				CLANG_ENABLE_MODULES = YES;
				CLANG_ENABLE_OBJC_ARC = YES;
				CLANG_WARN_BOOL_CONVERSION = YES;
				CLANG_WARN_CONSTANT_CONVERSION = YES;
				CLANG_WARN_DIRECT_OBJC_ISA_USAGE = YES_ERROR;
				CLANG_WARN_EMPTY_BODY = YES;
				CLANG_WARN_ENUM_CONVERSION = YES;
				CLANG_WARN_INT_CONVERSION = YES;
				CLANG_WARN_OBJC_ROOT_CLASS = YES_ERROR;
				CLANG_WARN_UNREACHABLE_CODE = YES;
				CLANG_WARN__DUPLICATE_METHOD_MATCH = YES;
				"CODE_SIGN_IDENTITY[sdk=iphoneos*]" = "iPhone Developer";
				COPY_PHASE_STRIP = NO;
				DEBUG_INFORMATION_FORMAT = "dwarf-with-dsym";
				ENABLE_NS_ASSERTIONS = NO;
				ENABLE_STRICT_OBJC_MSGSEND = YES;
				GCC_C_LANGUAGE_STANDARD = gnu99;
				GCC_NO_COMMON_BLOCKS = YES;
				GCC_WARN_64_TO_32_BIT_CONVERSION = YES;
				GCC_WARN_ABOUT_RETURN_TYPE = YES_ERROR;
				GCC_WARN_UNDECLARED_SELECTOR = YES;
				GCC_WARN_UNINITIALIZED_AUTOS = YES_AGGRESSIVE;
				GCC_WARN_UNUSED_FUNCTION = YES;
				GCC_WARN_UNUSED_VARIABLE = YES;
				IPHONEOS_DEPLOYMENT_TARGET = 9.0;
				MTL_ENABLE_DEBUG_INFO = NO;
				SDKROOT = iphoneos;
				VALIDATE_PRODUCT = YES;
			};
			name = Release;
		};
		A7AE6EB31B3D341E00B389B4 /* Debug */ = {
			isa = XCBuildConfiguration;
			buildSettings = {
				ASSETCATALOG_COMPILER_APPICON_NAME = AppIcon;
				INFOPLIST_FILE = HitTestDemo/Info.plist;
				LD_RUNPATH_SEARCH_PATHS = "$(inherited) @executable_path/Frameworks";
				PRODUCT_BUNDLE_IDENTIFIER = com.HMT.HitTestDemo;
				PRODUCT_NAME = "$(TARGET_NAME)";
			};
			name = Debug;
		};
		A7AE6EB41B3D341E00B389B4 /* Release */ = {
			isa = XCBuildConfiguration;
			buildSettings = {
				ASSETCATALOG_COMPILER_APPICON_NAME = AppIcon;
				INFOPLIST_FILE = HitTestDemo/Info.plist;
				LD_RUNPATH_SEARCH_PATHS = "$(inherited) @executable_path/Frameworks";
				PRODUCT_BUNDLE_IDENTIFIER = com.HMT.HitTestDemo;
				PRODUCT_NAME = "$(TARGET_NAME)";
			};
			name = Release;
		};
		A7AE6EB61B3D341E00B389B4 /* Debug */ = {
			isa = XCBuildConfiguration;
			buildSettings = {
				BUNDLE_LOADER = "$(TEST_HOST)";
				INFOPLIST_FILE = HitTestDemoTests/Info.plist;
				LD_RUNPATH_SEARCH_PATHS = "$(inherited) @executable_path/Frameworks @loader_path/Frameworks";
				PRODUCT_BUNDLE_IDENTIFIER = com.HMT.HitTestDemoTests;
				PRODUCT_NAME = "$(TARGET_NAME)";
				TEST_HOST = "$(BUILT_PRODUCTS_DIR)/HitTestDemo.app/HitTestDemo";
			};
			name = Debug;
		};
		A7AE6EB71B3D341E00B389B4 /* Release */ = {
			isa = XCBuildConfiguration;
			buildSettings = {
				BUNDLE_LOADER = "$(TEST_HOST)";
				INFOPLIST_FILE = HitTestDemoTests/Info.plist;
				LD_RUNPATH_SEARCH_PATHS = "$(inherited) @executable_path/Frameworks @loader_path/Frameworks";
				PRODUCT_BUNDLE_IDENTIFIER = com.HMT.HitTestDemoTests;
				PRODUCT_NAME = "$(TARGET_NAME)";
				TEST_HOST = "$(BUILT_PRODUCTS_DIR)/HitTestDemo.app/HitTestDemo";
			};
			name = Release;
		};
		A7AE6EB91B3D341E00B389B4 /* Debug */ = {
			isa = XCBuildConfiguration;
			buildSettings = {
				INFOPLIST_FILE = HitTestDemoUITests/Info.plist;
				LD_RUNPATH_SEARCH_PATHS = "$(inherited) @executable_path/Frameworks @loader_path/Frameworks";
				PRODUCT_BUNDLE_IDENTIFIER = com.HMT.HitTestDemoUITests;
				PRODUCT_NAME = "$(TARGET_NAME)";
				TEST_TARGET_NAME = HitTestDemo;
				USES_XCTRUNNER = YES;
			};
			name = Debug;
		};
		A7AE6EBA1B3D341E00B389B4 /* Release */ = {
			isa = XCBuildConfiguration;
			buildSettings = {
				INFOPLIST_FILE = HitTestDemoUITests/Info.plist;
				LD_RUNPATH_SEARCH_PATHS = "$(inherited) @executable_path/Frameworks @loader_path/Frameworks";
				PRODUCT_BUNDLE_IDENTIFIER = com.HMT.HitTestDemoUITests;
				PRODUCT_NAME = "$(TARGET_NAME)";
				TEST_TARGET_NAME = HitTestDemo;
				USES_XCTRUNNER = YES;
			};
			name = Release;
		};
/* End XCBuildConfiguration section */

/* Begin XCConfigurationList section */
		A7AE6E851B3D341D00B389B4 /* Build configuration list for PBXProject "HitTestDemo" */ = {
			isa = XCConfigurationList;
			buildConfigurations = (
				A7AE6EB01B3D341E00B389B4 /* Debug */,
				A7AE6EB11B3D341E00B389B4 /* Release */,
			);
			defaultConfigurationIsVisible = 0;
			defaultConfigurationName = Release;
		};
		A7AE6EB21B3D341E00B389B4 /* Build configuration list for PBXNativeTarget "HitTestDemo" */ = {
			isa = XCConfigurationList;
			buildConfigurations = (
				A7AE6EB31B3D341E00B389B4 /* Debug */,
				A7AE6EB41B3D341E00B389B4 /* Release */,
			);
			defaultConfigurationIsVisible = 0;
		};
		A7AE6EB51B3D341E00B389B4 /* Build configuration list for PBXNativeTarget "HitTestDemoTests" */ = {
			isa = XCConfigurationList;
			buildConfigurations = (
				A7AE6EB61B3D341E00B389B4 /* Debug */,
				A7AE6EB71B3D341E00B389B4 /* Release */,
			);
			defaultConfigurationIsVisible = 0;
		};
		A7AE6EB81B3D341E00B389B4 /* Build configuration list for PBXNativeTarget "HitTestDemoUITests" */ = {
			isa = XCConfigurationList;
			buildConfigurations = (
				A7AE6EB91B3D341E00B389B4 /* Debug */,
				A7AE6EBA1B3D341E00B389B4 /* Release */,
			);
			defaultConfigurationIsVisible = 0;
		};
/* End XCConfigurationList section */
	};
	rootObject = A7AE6E821B3D341D00B389B4 /* Project object */;
}
